
Microsoft Visual Studio Solution File, Format Version 12.00
# Visual Studio Version 16
VisualStudioVersion = 16.0.30717.126
MinimumVisualStudioVersion = 10.0.40219.1
Project("{FAE04EC0-301F-11D3-BF4B-00C04F79EFBC}") = "Taller2 BD", "Taller2 BD\Taller2 BD.csproj", "{43E794B4-B8DC-42B6-BD39-B0BA87711408}"
EndProject
Global
	GlobalSection(SolutionConfigurationPlatforms) = preSolution
		Debug|Any CPU = Debug|Any CPU
		Release|Any CPU = Release|Any CPU
	EndGlobalSection
	GlobalSection(ProjectConfigurationPlatforms) = postSolution
		{43E794B4-B8DC-42B6-BD39-B0BA87711408}.Debug|Any CPU.ActiveCfg = Debug|Any CPU
		{43E794B4-B8DC-42B6-BD39-B0BA87711408}.Debug|Any CPU.Build.0 = Debug|Any CPU
		{43E794B4-B8DC-42B6-BD39-B0BA87711408}.Release|Any CPU.ActiveCfg = Release|Any CPU
		{43E794B4-B8DC-42B6-BD39-B0BA87711408}.Release|Any CPU.Build.0 = Release|Any CPU
	EndGlobalSection
	GlobalSection(SolutionProperties) = preSolution
		HideSolutionNode = FALSE
	EndGlobalSection
	GlobalSection(ExtensibilityGlobals) = postSolution
		SolutionGuid = {7DBFFCC2-F0FF-44D9-BBCB-E7213547B32F}
	EndGlobalSection
EndGlobal
